
Microsoft Visual Studio Solution File, Format Version 12.00
# Visual Studio 15
Project("{FAE04EC0-301F-11D3-BF4B-00C04F79EFBC}") = "Assembly-CSharp", "Assembly-CSharp.csproj", "{2183884C-EFF5-3A8F-BCD2-1455E6CBB2CF}"
EndProject
Project("{FAE04EC0-301F-11D3-BF4B-00C04F79EFBC}") = "Assembly-CSharp-Editor", "Assembly-CSharp-Editor.csproj", "{2D05F31B-364F-E5E1-774A-9D48D50B9F28}"
EndProject
Global
	GlobalSection(SolutionConfigurationPlatforms) = preSolution
		Debug|Any CPU = Debug|Any CPU
		Release|Any CPU = Release|Any CPU
	EndGlobalSection
	GlobalSection(ProjectConfigurationPlatforms) = postSolution
		{2183884C-EFF5-3A8F-BCD2-1455E6CBB2CF}.Debug|Any CPU.ActiveCfg = Debug|Any CPU
		{2183884C-EFF5-3A8F-BCD2-1455E6CBB2CF}.Debug|Any CPU.Build.0 = Debug|Any CPU
		{2183884C-EFF5-3A8F-BCD2-1455E6CBB2CF}.Release|Any CPU.ActiveCfg = Release|Any CPU
		{2183884C-EFF5-3A8F-BCD2-1455E6CBB2CF}.Release|Any CPU.Build.0 = Release|Any CPU
		{2D05F31B-364F-E5E1-774A-9D48D50B9F28}.Debug|Any CPU.ActiveCfg = Debug|Any CPU
		{2D05F31B-364F-E5E1-774A-9D48D50B9F28}.Debug|Any CPU.Build.0 = Debug|Any CPU
		{2D05F31B-364F-E5E1-774A-9D48D50B9F28}.Release|Any CPU.ActiveCfg = Release|Any CPU
		{2D05F31B-364F-E5E1-774A-9D48D50B9F28}.Release|Any CPU.Build.0 = Release|Any CPU
	EndGlobalSection
	GlobalSection(SolutionProperties) = preSolution
		HideSolutionNode = FALSE
	EndGlobalSection
EndGlobal
